
Microsoft Visual Studio Solution File, Format Version 12.00
# Visual Studio 15
VisualStudioVersion = 15.0.27004.2010
MinimumVisualStudioVersion = 10.0.40219.1
Project("{FAE04EC0-301F-11D3-BF4B-00C04F79EFBC}") = "Turtle", "Turtle\Turtle.csproj", "{56EE1988-A797-4D97-8424-B8BB77FC775D}"
EndProject
Global
	GlobalSection(SolutionConfigurationPlatforms) = preSolution
		Debug|Any CPU = Debug|Any CPU
		Release|Any CPU = Release|Any CPU
	EndGlobalSection
	GlobalSection(ProjectConfigurationPlatforms) = postSolution
		{56EE1988-A797-4D97-8424-B8BB77FC775D}.Debug|Any CPU.ActiveCfg = Debug|Any CPU
		{56EE1988-A797-4D97-8424-B8BB77FC775D}.Debug|Any CPU.Build.0 = Debug|Any CPU
		{56EE1988-A797-4D97-8424-B8BB77FC775D}.Release|Any CPU.ActiveCfg = Release|Any CPU
		{56EE1988-A797-4D97-8424-B8BB77FC775D}.Release|Any CPU.Build.0 = Release|Any CPU
	EndGlobalSection
	GlobalSection(SolutionProperties) = preSolution
		HideSolutionNode = FALSE
	EndGlobalSection
	GlobalSection(ExtensibilityGlobals) = postSolution
		SolutionGuid = {47F05913-8DDD-4C67-92C2-D15C037ED684}
	EndGlobalSection
EndGlobal
